{
    "about": "The schema lock of the type table app__fixture_event: the columns its migrations app__fixture_event_<step> build, in 1 step. cms:generate writes the lock and the migrations from it; do not edit either.",
    "columns": [
        {
            "checks": [],
            "indexed": false,
            "name": "fixture_doors_on",
            "not_null": false,
            "step": 1,
            "type": "date"
        },
        {
            "checks": [],
            "indexed": false,
            "name": "fixture_free",
            "not_null": false,
            "step": 1,
            "type": "boolean"
        },
        {
            "checks": [
                "\"fixture_kind\" IN ('fixture_concert', 'fixture_lecture', 'fixture_market')"
            ],
            "indexed": true,
            "name": "fixture_kind",
            "not_null": true,
            "step": 1,
            "type": "text"
        },
        {
            "checks": [
                "char_length(\"fixture_name\") >= 2",
                "char_length(\"fixture_name\") <= 120"
            ],
            "indexed": true,
            "name": "fixture_name",
            "not_null": true,
            "step": 1,
            "type": "text"
        },
        {
            "checks": [
                "char_length(\"fixture_organiser_email\") <= 255"
            ],
            "indexed": false,
            "name": "fixture_organiser_email",
            "not_null": false,
            "step": 1,
            "type": "text"
        },
        {
            "checks": [
                "\"fixture_price\" >= 0.00"
            ],
            "indexed": true,
            "name": "fixture_price",
            "not_null": false,
            "step": 1,
            "type": "numeric(8, 2)"
        },
        {
            "checks": [
                "jsonb_typeof(\"fixture_programme\") = 'array'"
            ],
            "indexed": false,
            "name": "fixture_programme",
            "not_null": false,
            "step": 1,
            "type": "jsonb"
        },
        {
            "checks": [
                "\"fixture_seats\" >= 0",
                "\"fixture_seats\" <= 100000"
            ],
            "indexed": true,
            "name": "fixture_seats",
            "not_null": false,
            "step": 1,
            "type": "bigint"
        },
        {
            "checks": [],
            "indexed": true,
            "name": "fixture_starts_at",
            "not_null": true,
            "step": 1,
            "type": "timestamptz"
        },
        {
            "checks": [
                "char_length(\"fixture_summary\") >= 10",
                "char_length(\"fixture_summary\") <= 500"
            ],
            "indexed": false,
            "name": "fixture_summary",
            "not_null": false,
            "step": 1,
            "type": "text"
        },
        {
            "checks": [
                "jsonb_typeof(\"fixture_venue\") = 'object'"
            ],
            "indexed": false,
            "name": "fixture_venue",
            "not_null": false,
            "step": 1,
            "type": "jsonb"
        }
    ],
    "localization": "none",
    "lock": 1,
    "stages": "none",
    "steps": 1,
    "table": "app__fixture_event",
    "type": "app:fixture_event",
    "type_id": "01a0f424-cbfd-727a-9467-bff093dc17b2"
}
